
Microsoft Visual Studio Solution File, Format Version 12.00
# Visual Studio 15
VisualStudioVersion = 15.0.28010.2036
MinimumVisualStudioVersion = 10.0.40219.1
Project("{FAE04EC0-301F-11D3-BF4B-00C04F79EFBC}") = "WebApplication2", "WebApplication2\WebApplication2.csproj", "{9B10BFCE-0425-430D-9911-226C83FD7F81}"
EndProject
Global
	GlobalSection(SolutionConfigurationPlatforms) = preSolution
		Debug|Any CPU = Debug|Any CPU
		Release|Any CPU = Release|Any CPU
	EndGlobalSection
	GlobalSection(ProjectConfigurationPlatforms) = postSolution
		{9B10BFCE-0425-430D-9911-226C83FD7F81}.Debug|Any CPU.ActiveCfg = Debug|Any CPU
		{9B10BFCE-0425-430D-9911-226C83FD7F81}.Debug|Any CPU.Build.0 = Debug|Any CPU
		{9B10BFCE-0425-430D-9911-226C83FD7F81}.Release|Any CPU.ActiveCfg = Release|Any CPU
		{9B10BFCE-0425-430D-9911-226C83FD7F81}.Release|Any CPU.Build.0 = Release|Any CPU
	EndGlobalSection
	GlobalSection(SolutionProperties) = preSolution
		HideSolutionNode = FALSE
	EndGlobalSection
	GlobalSection(ExtensibilityGlobals) = postSolution
		SolutionGuid = {DB340B51-B8BF-4722-B6D8-4C7A9E2F8334}
	EndGlobalSection
EndGlobal
